<?xml version="1.0" encoding="utf-8"?>
<Project ToolsVersion="4.0" xmlns="http://schemas.microsoft.com/developer/msbuild/2003">
  <ItemGroup>
    <Filter Include="Source Files">
      <UniqueIdentifier>{4FC737F1-C7A5-4376-A066-2A32D752A2FF}</UniqueIdentifier>
      <Extensions>cpp;c;cc;cxx;c++;cppm;ixx;def;odl;idl;hpj;bat;asm;asmx</Extensions>
    </Filter>
    <Filter Include="Header Files">
      <UniqueIdentifier>{93995380-89BD-4b04-88EB-625FBE52EBFB}</UniqueIdentifier>
      <Extensions>h;hh;hpp;hxx;h++;hm;inl;inc;ipp;xsd</Extensions>
    </Filter>
    <Filter Include="Resource Files">
      <UniqueIdentifier>{67DA6AB6-F800-4c08-8B7A-83BB121AAD01}</UniqueIdentifier>
      <Extensions>rc;ico;cur;bmp;dlg;rc2;rct;bin;rgs;gif;jpg;jpeg;jpe;resx;tiff;tif;png;wav;mfcribbon-ms</Extensions>
    </Filter>
    <Filter Include="Header Files\Data">
      <UniqueIdentifier>{5d37b3fa-b0e6-4193-8d11-7784d81debf5}</UniqueIdentifier>
    </Filter>
    <Filter Include="Header Files\Data\Stream">
      <UniqueIdentifier>{751ec720-ae45-4230-bc70-94bf341beded}</UniqueIdentifier>
    </Filter>
    <Filter Include="Header Files\Simulation">
      <UniqueIdentifier>{d4e57ef2-f659-4e51-86f7-690f84f48c99}</UniqueIdentifier>
    </Filter>
    <Filter Include="Header Files\Models">
      <UniqueIdentifier>{f6e75574-d24e-45b6-bc38-b1d51cef80b5}</UniqueIdentifier>
    </Filter>
    <Filter Include="Header Files\DTOs">
      <UniqueIdentifier>{4ecf3fe7-4e7c-4b39-8299-356e62c53a6b}</UniqueIdentifier>
    </Filter>
    <Filter Include="Source Files\Data">
      <UniqueIdentifier>{f258781b-cdd3-425d-a927-2ce548327542}</UniqueIdentifier>
    </Filter>
    <Filter Include="Source Files\Data\Stream">
      <UniqueIdentifier>{2c2b1ec3-29b6-474b-b797-6b7bfbdad8ac}</UniqueIdentifier>
    </Filter>
    <Filter Include="Source Files\Simulation">
      <UniqueIdentifier>{a1a8fc3d-b105-4014-8454-8cc7fd99b37d}</UniqueIdentifier>
    </Filter>
  </ItemGroup>
  <ItemGroup>
    <ClCompile Include="Main.cpp">
      <Filter>Source Files</Filter>
    </ClCompile>
    <ClCompile Include="Output.h">
      <Filter>Header Files\Data\Stream</Filter>
    </ClCompile>
    <ClCompile Include="Input.cpp">
      <Filter>Source Files\Data\Stream</Filter>
    </ClCompile>
    <ClCompile Include="Output.cpp">
      <Filter>Source Files\Data\Stream</Filter>
    </ClCompile>
    <ClCompile Include="Save.cpp">
      <Filter>Source Files\Data\Stream</Filter>
    </ClCompile>
    <ClCompile Include="Assign.cpp">
      <Filter>Source Files\Data</Filter>
    </ClCompile>
    <ClCompile Include="Generator.cpp">
      <Filter>Source Files\Data</Filter>
    </ClCompile>
    <ClCompile Include="Simulation.cpp">
      <Filter>Source Files\Simulation</Filter>
    </ClCompile>
  </ItemGroup>
  <ItemGroup>
    <ClInclude Include="Task.h">
      <Filter>Header Files\Models</Filter>
    </ClInclude>
    <ClInclude Include="Member.h">
      <Filter>Header Files\Models</Filter>
    </ClInclude>
    <ClInclude Include="Generator.h">
      <Filter>Header Files\Data</Filter>
    </ClInclude>
    <ClInclude Include="Assign.h">
      <Filter>Header Files\Data</Filter>
    </ClInclude>
    <ClInclude Include="Simulation.h">
      <Filter>Header Files\Simulation</Filter>
    </ClInclude>
    <ClInclude Include="InputResponse.h">
      <Filter>Header Files\DTOs</Filter>
    </ClInclude>
    <ClInclude Include="OutputResponse.h">
      <Filter>Header Files\DTOs</Filter>
    </ClInclude>
    <ClInclude Include="Input.h">
      <Filter>Header Files\Data\Stream</Filter>
    </ClInclude>
    <ClInclude Include="Save.h">
      <Filter>Header Files\Data\Stream</Filter>
    </ClInclude>
  </ItemGroup>
</Project>